// !$*UTF8*$!
{
	archiveVersion = 1;
	classes = {
	};
	objectVersion = 77;
	objects = {

/* Begin PBXBuildFile section */
		B2886B6A2DE0452800667D9F /* SQLite in Frameworks */ = {isa = PBXBuildFile; productRef = B2886B692DE0452800667D9F /* SQLite */; };
/* End PBXBuildFile section */

/* Begin PBXContainerItemProxy section */
		B2886B3D2DE02F2400667D9F /* PBXContainerItemProxy */ = {
			isa = PBXContainerItemProxy;
			containerPortal = B2886B262DE02F2100667D9F /* Project object */;
			proxyType = 1;
			remoteGlobalIDString = B2886B2D2DE02F2100667D9F;
			remoteInfo = PDFLibrary;
		};
		B2886B472DE02F2400667D9F /* PBXContainerItemProxy */ = {
			isa = PBXContainerItemProxy;
			containerPortal = B2886B262DE02F2100667D9F /* Project object */;
			proxyType = 1;
			remoteGlobalIDString = B2886B2D2DE02F2100667D9F;
			remoteInfo = PDFLibrary;
		};
/* End PBXContainerItemProxy section */

/* Begin PBXFileReference section */
		B2886B2E2DE02F2100667D9F /* PDFLibrary.app */ = {isa = PBXFileReference; explicitFileType = wrapper.application; includeInIndex = 0; path = PDFLibrary.app; sourceTree = BUILT_PRODUCTS_DIR; };
		B2886B3C2DE02F2400667D9F /* PDFLibraryTests.xctest */ = {isa = PBXFileReference; explicitFileType = wrapper.cfbundle; includeInIndex = 0; path = PDFLibraryTests.xctest; sourceTree = BUILT_PRODUCTS_DIR; };
		B2886B462DE02F2400667D9F /* PDFLibraryUITests.xctest */ = {isa = PBXFileReference; explicitFileType = wrapper.cfbundle; includeInIndex = 0; path = PDFLibraryUITests.xctest; sourceTree = BUILT_PRODUCTS_DIR; };
/* End PBXFileReference section */

/* Begin PBXFileSystemSynchronizedRootGroup section */
		B2886B302DE02F2100667D9F /* PDFLibrary */ = {
			isa = PBXFileSystemSynchronizedRootGroup;
			path = PDFLibrary;
			sourceTree = "<group>";
		};
		B2886B3F2DE02F2400667D9F /* PDFLibraryTests */ = {
			isa = PBXFileSystemSynchronizedRootGroup;
			path = PDFLibraryTests;
			sourceTree = "<group>";
		};
		B2886B492DE02F2400667D9F /* PDFLibraryUITests */ = {
			isa = PBXFileSystemSynchronizedRootGroup;
			path = PDFLibraryUITests;
			sourceTree = "<group>";
		};
/* End PBXFileSystemSynchronizedRootGroup section */

/* Begin PBXFrameworksBuildPhase section */
		B2886B2B2DE02F2100667D9F /* Frameworks */ = {
			isa = PBXFrameworksBuildPhase;
			buildActionMask = 2147483647;
			files = (
				B2886B6A2DE0452800667D9F /* SQLite in Frameworks */,
			);
			runOnlyForDeploymentPostprocessing = 0;
		};
		B2886B392DE02F2400667D9F /* Frameworks */ = {
			isa = PBXFrameworksBuildPhase;
			buildActionMask = 2147483647;
			files = (
			);
			runOnlyForDeploymentPostprocessing = 0;
		};
		B2886B432DE02F2400667D9F /* Frameworks */ = {
			isa = PBXFrameworksBuildPhase;
			buildActionMask = 2147483647;
			files = (
			);
			runOnlyForDeploymentPostprocessing = 0;
		};
/* End PBXFrameworksBuildPhase section */

/* Begin PBXGroup section */
		B2886B252DE02F2100667D9F = {
			isa = PBXGroup;
			children = (
				B2886B302DE02F2100667D9F /* PDFLibrary */,
				B2886B3F2DE02F2400667D9F /* PDFLibraryTests */,
				B2886B492DE02F2400667D9F /* PDFLibraryUITests */,
				B2886B682DE0452800667D9F /* Frameworks */,
				B2886B2F2DE02F2100667D9F /* Products */,
			);
			sourceTree = "<group>";
		};
		B2886B2F2DE02F2100667D9F /* Products */ = {
			isa = PBXGroup;
			children = (
				B2886B2E2DE02F2100667D9F /* PDFLibrary.app */,
				B2886B3C2DE02F2400667D9F /* PDFLibraryTests.xctest */,
				B2886B462DE02F2400667D9F /* PDFLibraryUITests.xctest */,
			);
			name = Products;
			sourceTree = "<group>";
		};
		B2886B682DE0452800667D9F /* Frameworks */ = {
			isa = PBXGroup;
			children = (
			);
			name = Frameworks;
			sourceTree = "<group>";
		};
/* End PBXGroup section */

/* Begin PBXNativeTarget section */
		B2886B2D2DE02F2100667D9F /* PDFLibrary */ = {
			isa = PBXNativeTarget;
			buildConfigurationList = B2886B502DE02F2400667D9F /* Build configuration list for PBXNativeTarget "PDFLibrary" */;
			buildPhases = (
				B2886B2A2DE02F2100667D9F /* Sources */,
				B2886B2B2DE02F2100667D9F /* Frameworks */,
				B2886B2C2DE02F2100667D9F /* Resources */,
			);
			buildRules = (
			);
			dependencies = (
				B2886B672DE044FE00667D9F /* PBXTargetDependency */,
			);
			fileSystemSynchronizedGroups = (
				B2886B302DE02F2100667D9F /* PDFLibrary */,
			);
			name = PDFLibrary;
			packageProductDependencies = (
				B2886B692DE0452800667D9F /* SQLite */,
			);
			productName = PDFLibrary;
			productReference = B2886B2E2DE02F2100667D9F /* PDFLibrary.app */;
			productType = "com.apple.product-type.application";
		};
		B2886B3B2DE02F2400667D9F /* PDFLibraryTests */ = {
			isa = PBXNativeTarget;
			buildConfigurationList = B2886B532DE02F2400667D9F /* Build configuration list for PBXNativeTarget "PDFLibraryTests" */;
			buildPhases = (
				B2886B382DE02F2400667D9F /* Sources */,
				B2886B392DE02F2400667D9F /* Frameworks */,
				B2886B3A2DE02F2400667D9F /* Resources */,
			);
			buildRules = (
			);
			dependencies = (
				B2886B3E2DE02F2400667D9F /* PBXTargetDependency */,
			);
			fileSystemSynchronizedGroups = (
				B2886B3F2DE02F2400667D9F /* PDFLibraryTests */,
			);
			name = PDFLibraryTests;
			packageProductDependencies = (
			);
			productName = PDFLibraryTests;
			productReference = B2886B3C2DE02F2400667D9F /* PDFLibraryTests.xctest */;
			productType = "com.apple.product-type.bundle.unit-test";
		};
		B2886B452DE02F2400667D9F /* PDFLibraryUITests */ = {
			isa = PBXNativeTarget;
			buildConfigurationList = B2886B562DE02F2400667D9F /* Build configuration list for PBXNativeTarget "PDFLibraryUITests" */;
			buildPhases = (
				B2886B422DE02F2400667D9F /* Sources */,
				B2886B432DE02F2400667D9F /* Frameworks */,
				B2886B442DE02F2400667D9F /* Resources */,
			);
			buildRules = (
			);
			dependencies = (
				B2886B482DE02F2400667D9F /* PBXTargetDependency */,
			);
			fileSystemSynchronizedGroups = (
				B2886B492DE02F2400667D9F /* PDFLibraryUITests */,
			);
			name = PDFLibraryUITests;
			packageProductDependencies = (
			);
			productName = PDFLibraryUITests;
			productReference = B2886B462DE02F2400667D9F /* PDFLibraryUITests.xctest */;
			productType = "com.apple.product-type.bundle.ui-testing";
		};
/* End PBXNativeTarget section */

/* Begin PBXProject section */
		B2886B262DE02F2100667D9F /* Project object */ = {
			isa = PBXProject;
			attributes = {
				BuildIndependentTargetsInParallel = 1;
				LastSwiftUpdateCheck = 1630;
				LastUpgradeCheck = 1630;
				TargetAttributes = {
					B2886B2D2DE02F2100667D9F = {
						CreatedOnToolsVersion = 16.3;
					};
					B2886B3B2DE02F2400667D9F = {
						CreatedOnToolsVersion = 16.3;
						TestTargetID = B2886B2D2DE02F2100667D9F;
					};
					B2886B452DE02F2400667D9F = {
						CreatedOnToolsVersion = 16.3;
						TestTargetID = B2886B2D2DE02F2100667D9F;
					};
				};
			};
			buildConfigurationList = B2886B292DE02F2100667D9F /* Build configuration list for PBXProject "PDFLibrary" */;
			developmentRegion = en;
			hasScannedForEncodings = 0;
			knownRegions = (
				en,
				Base,
			);
			mainGroup = B2886B252DE02F2100667D9F;
			minimizedProjectReferenceProxies = 1;
			packageReferences = (
				B2886B622DE040D700667D9F /* XCRemoteSwiftPackageReference "SQLite.swift" */,
			);
			preferredProjectObjectVersion = 77;
			productRefGroup = B2886B2F2DE02F2100667D9F /* Products */;
			projectDirPath = "";
			projectRoot = "";
			targets = (
				B2886B2D2DE02F2100667D9F /* PDFLibrary */,
				B2886B3B2DE02F2400667D9F /* PDFLibraryTests */,
				B2886B452DE02F2400667D9F /* PDFLibraryUITests */,
			);
		};
/* End PBXProject section */

/* Begin PBXResourcesBuildPhase section */
		B2886B2C2DE02F2100667D9F /* Resources */ = {
			isa = PBXResourcesBuildPhase;
			buildActionMask = 2147483647;
			files = (
			);
			runOnlyForDeploymentPostprocessing = 0;
		};
		B2886B3A2DE02F2400667D9F /* Resources */ = {
			isa = PBXResourcesBuildPhase;
			buildActionMask = 2147483647;
			files = (
			);
			runOnlyForDeploymentPostprocessing = 0;
		};
		B2886B442DE02F2400667D9F /* Resources */ = {
			isa = PBXResourcesBuildPhase;
			buildActionMask = 2147483647;
			files = (
			);
			runOnlyForDeploymentPostprocessing = 0;
		};
/* End PBXResourcesBuildPhase section */

/* Begin PBXSourcesBuildPhase section */
		B2886B2A2DE02F2100667D9F /* Sources */ = {
			isa = PBXSourcesBuildPhase;
			buildActionMask = 2147483647;
			files = (
			);
			runOnlyForDeploymentPostprocessing = 0;
		};
		B2886B382DE02F2400667D9F /* Sources */ = {
			isa = PBXSourcesBuildPhase;
			buildActionMask = 2147483647;
			files = (
			);
			runOnlyForDeploymentPostprocessing = 0;
		};
		B2886B422DE02F2400667D9F /* Sources */ = {
			isa = PBXSourcesBuildPhase;
			buildActionMask = 2147483647;
			files = (
			);
			runOnlyForDeploymentPostprocessing = 0;
		};
/* End PBXSourcesBuildPhase section */

/* Begin PBXTargetDependency section */
		B2886B3E2DE02F2400667D9F /* PBXTargetDependency */ = {
			isa = PBXTargetDependency;
			target = B2886B2D2DE02F2100667D9F /* PDFLibrary */;
			targetProxy = B2886B3D2DE02F2400667D9F /* PBXContainerItemProxy */;
		};
		B2886B482DE02F2400667D9F /* PBXTargetDependency */ = {
			isa = PBXTargetDependency;
			target = B2886B2D2DE02F2100667D9F /* PDFLibrary */;
			targetProxy = B2886B472DE02F2400667D9F /* PBXContainerItemProxy */;
		};
		B2886B672DE044FE00667D9F /* PBXTargetDependency */ = {
			isa = PBXTargetDependency;
			productRef = B2886B662DE044FE00667D9F /* SQLite */;
		};
/* End PBXTargetDependency section */

/* Begin XCBuildConfiguration section */
		B2886B4E2DE02F2400667D9F /* Debug */ = {
			isa = XCBuildConfiguration;
			buildSettings = {
				ALWAYS_SEARCH_USER_PATHS = NO;
				ASSETCATALOG_COMPILER_GENERATE_SWIFT_ASSET_SYMBOL_EXTENSIONS = YES;
				CLANG_ANALYZER_NONNULL = YES;
				CLANG_ANALYZER_NUMBER_OBJECT_CONVERSION = YES_AGGRESSIVE;
				CLANG_CXX_LANGUAGE_STANDARD = "gnu++20";
				CLANG_ENABLE_MODULES = YES;
				CLANG_ENABLE_OBJC_ARC = YES;
				CLANG_ENABLE_OBJC_WEAK = YES;
				CLANG_WARN_BLOCK_CAPTURE_AUTORELEASING = YES;
				CLANG_WARN_BOOL_CONVERSION = YES;
				CLANG_WARN_COMMA = YES;
				CLANG_WARN_CONSTANT_CONVERSION = YES;
				CLANG_WARN_DEPRECATED_OBJC_IMPLEMENTATIONS = YES;
				CLANG_WARN_DIRECT_OBJC_ISA_USAGE = YES_ERROR;
				CLANG_WARN_DOCUMENTATION_COMMENTS = YES;
				CLANG_WARN_EMPTY_BODY = YES;
				CLANG_WARN_ENUM_CONVERSION = YES;
				CLANG_WARN_INFINITE_RECURSION = YES;
				CLANG_WARN_INT_CONVERSION = YES;
				CLANG_WARN_NON_LITERAL_NULL_CONVERSION = YES;
				CLANG_WARN_OBJC_IMPLICIT_RETAIN_SELF = YES;
				CLANG_WARN_OBJC_LITERAL_CONVERSION = YES;
				CLANG_WARN_OBJC_ROOT_CLASS = YES_ERROR;
				CLANG_WARN_QUOTED_INCLUDE_IN_FRAMEWORK_HEADER = YES;
				CLANG_WARN_RANGE_LOOP_ANALYSIS = YES;
				CLANG_WARN_STRICT_PROTOTYPES = YES;
				CLANG_WARN_SUSPICIOUS_MOVE = YES;
				CLANG_WARN_UNGUARDED_AVAILABILITY = YES_AGGRESSIVE;
				CLANG_WARN_UNREACHABLE_CODE = YES;
				CLANG_WARN__DUPLICATE_METHOD_MATCH = YES;
				COPY_PHASE_STRIP = NO;
				DEBUG_INFORMATION_FORMAT = dwarf;
				ENABLE_STRICT_OBJC_MSGSEND = YES;
				ENABLE_TESTABILITY = YES;
				ENABLE_USER_SCRIPT_SANDBOXING = YES;
				GCC_C_LANGUAGE_STANDARD = gnu17;
				GCC_DYNAMIC_NO_PIC = NO;
				GCC_NO_COMMON_BLOCKS = YES;
				GCC_OPTIMIZATION_LEVEL = 0;
				GCC_PREPROCESSOR_DEFINITIONS = (
					"DEBUG=1",
					"$(inherited)",
				);
				GCC_WARN_64_TO_32_BIT_CONVERSION = YES;
				GCC_WARN_ABOUT_RETURN_TYPE = YES_ERROR;
				GCC_WARN_UNDECLARED_SELECTOR = YES;
				GCC_WARN_UNINITIALIZED_AUTOS = YES_AGGRESSIVE;
				GCC_WARN_UNUSED_FUNCTION = YES;
				GCC_WARN_UNUSED_VARIABLE = YES;
				LOCALIZATION_PREFERS_STRING_CATALOGS = YES;
				MTL_ENABLE_DEBUG_INFO = INCLUDE_SOURCE;
				MTL_FAST_MATH = YES;
				ONLY_ACTIVE_ARCH = YES;
				SWIFT_ACTIVE_COMPILATION_CONDITIONS = "DEBUG $(inherited)";
				SWIFT_OPTIMIZATION_LEVEL = "-Onone";
			};
			name = Debug;
		};
		B2886B4F2DE02F2400667D9F /* Release */ = {
			isa = XCBuildConfiguration;
			buildSettings = {
				ALWAYS_SEARCH_USER_PATHS = NO;
				ASSETCATALOG_COMPILER_GENERATE_SWIFT_ASSET_SYMBOL_EXTENSIONS = YES;
				CLANG_ANALYZER_NONNULL = YES;
				CLANG_ANALYZER_NUMBER_OBJECT_CONVERSION = YES_AGGRESSIVE;
				CLANG_CXX_LANGUAGE_STANDARD = "gnu++20";
				CLANG_ENABLE_MODULES = YES;
				CLANG_ENABLE_OBJC_ARC = YES;
				CLANG_ENABLE_OBJC_WEAK = YES;
				CLANG_WARN_BLOCK_CAPTURE_AUTORELEASING = YES;
				CLANG_WARN_BOOL_CONVERSION = YES;
				CLANG_WARN_COMMA = YES;
				CLANG_WARN_CONSTANT_CONVERSION = YES;
				CLANG_WARN_DEPRECATED_OBJC_IMPLEMENTATIONS = YES;
				CLANG_WARN_DIRECT_OBJC_ISA_USAGE = YES_ERROR;
				CLANG_WARN_DOCUMENTATION_COMMENTS = YES;
				CLANG_WARN_EMPTY_BODY = YES;
				CLANG_WARN_ENUM_CONVERSION = YES;
				CLANG_WARN_INFINITE_RECURSION = YES;
				CLANG_WARN_INT_CONVERSION = YES;
				CLANG_WARN_NON_LITERAL_NULL_CONVERSION = YES;
				CLANG_WARN_OBJC_IMPLICIT_RETAIN_SELF = YES;
				CLANG_WARN_OBJC_LITERAL_CONVERSION = YES;
				CLANG_WARN_OBJC_ROOT_CLASS = YES_ERROR;
				CLANG_WARN_QUOTED_INCLUDE_IN_FRAMEWORK_HEADER = YES;
				CLANG_WARN_RANGE_LOOP_ANALYSIS = YES;
				CLANG_WARN_STRICT_PROTOTYPES = YES;
				CLANG_WARN_SUSPICIOUS_MOVE = YES;
				CLANG_WARN_UNGUARDED_AVAILABILITY = YES_AGGRESSIVE;
				CLANG_WARN_UNREACHABLE_CODE = YES;
				CLANG_WARN__DUPLICATE_METHOD_MATCH = YES;
				COPY_PHASE_STRIP = NO;
				DEBUG_INFORMATION_FORMAT = "dwarf-with-dsym";
				ENABLE_NS_ASSERTIONS = NO;
				ENABLE_STRICT_OBJC_MSGSEND = YES;
				ENABLE_USER_SCRIPT_SANDBOXING = YES;
				GCC_C_LANGUAGE_STANDARD = gnu17;
				GCC_NO_COMMON_BLOCKS = YES;
				GCC_WARN_64_TO_32_BIT_CONVERSION = YES;
				GCC_WARN_ABOUT_RETURN_TYPE = YES_ERROR;
				GCC_WARN_UNDECLARED_SELECTOR = YES;
				GCC_WARN_UNINITIALIZED_AUTOS = YES_AGGRESSIVE;
				GCC_WARN_UNUSED_FUNCTION = YES;
				GCC_WARN_UNUSED_VARIABLE = YES;
				LOCALIZATION_PREFERS_STRING_CATALOGS = YES;
				MTL_ENABLE_DEBUG_INFO = NO;
				MTL_FAST_MATH = YES;
				SWIFT_COMPILATION_MODE = wholemodule;
			};
			name = Release;
		};
		B2886B512DE02F2400667D9F /* Debug */ = {
			isa = XCBuildConfiguration;
			buildSettings = {
				ASSETCATALOG_COMPILER_APPICON_NAME = AppIcon;
				ASSETCATALOG_COMPILER_GLOBAL_ACCENT_COLOR_NAME = AccentColor;
				CODE_SIGN_ENTITLEMENTS = PDFLibrary/PDFLibrary.entitlements;
				CODE_SIGN_STYLE = Automatic;
				CURRENT_PROJECT_VERSION = 1;
				ENABLE_PREVIEWS = YES;
				GENERATE_INFOPLIST_FILE = YES;
				"INFOPLIST_KEY_UIApplicationSceneManifest_Generation[sdk=iphoneos*]" = YES;
				"INFOPLIST_KEY_UIApplicationSceneManifest_Generation[sdk=iphonesimulator*]" = YES;
				"INFOPLIST_KEY_UIApplicationSupportsIndirectInputEvents[sdk=iphoneos*]" = YES;
				"INFOPLIST_KEY_UIApplicationSupportsIndirectInputEvents[sdk=iphonesimulator*]" = YES;
				"INFOPLIST_KEY_UILaunchScreen_Generation[sdk=iphoneos*]" = YES;
				"INFOPLIST_KEY_UILaunchScreen_Generation[sdk=iphonesimulator*]" = YES;
				"INFOPLIST_KEY_UIStatusBarStyle[sdk=iphoneos*]" = UIStatusBarStyleDefault;
				"INFOPLIST_KEY_UIStatusBarStyle[sdk=iphonesimulator*]" = UIStatusBarStyleDefault;
				INFOPLIST_KEY_UISupportedInterfaceOrientations_iPad = "UIInterfaceOrientationPortrait UIInterfaceOrientationPortraitUpsideDown UIInterfaceOrientationLandscapeLeft UIInterfaceOrientationLandscapeRight";
				INFOPLIST_KEY_UISupportedInterfaceOrientations_iPhone = "UIInterfaceOrientationPortrait UIInterfaceOrientationLandscapeLeft UIInterfaceOrientationLandscapeRight";
				IPHONEOS_DEPLOYMENT_TARGET = 18.4;
				LD_RUNPATH_SEARCH_PATHS = "@executable_path/Frameworks";
				"LD_RUNPATH_SEARCH_PATHS[sdk=macosx*]" = "@executable_path/../Frameworks";
				MACOSX_DEPLOYMENT_TARGET = 15.4;
				MARKETING_VERSION = 1.0;
				PRODUCT_BUNDLE_IDENTIFIER = xkethus.PDFLibrary;
				PRODUCT_NAME = "$(TARGET_NAME)";
				REGISTER_APP_GROUPS = YES;
				SDKROOT = auto;
				SUPPORTED_PLATFORMS = "iphoneos iphonesimulator macosx xros xrsimulator";
				SWIFT_EMIT_LOC_STRINGS = YES;
				SWIFT_VERSION = 5.0;
				TARGETED_DEVICE_FAMILY = "1,2,7";
				XROS_DEPLOYMENT_TARGET = 2.4;
			};
			name = Debug;
		};
		B2886B522DE02F2400667D9F /* Release */ = {
			isa = XCBuildConfiguration;
			buildSettings = {
				ASSETCATALOG_COMPILER_APPICON_NAME = AppIcon;
				ASSETCATALOG_COMPILER_GLOBAL_ACCENT_COLOR_NAME = AccentColor;
				CODE_SIGN_ENTITLEMENTS = PDFLibrary/PDFLibrary.entitlements;
				CODE_SIGN_STYLE = Automatic;
				CURRENT_PROJECT_VERSION = 1;
				ENABLE_PREVIEWS = YES;
				GENERATE_INFOPLIST_FILE = YES;
				"INFOPLIST_KEY_UIApplicationSceneManifest_Generation[sdk=iphoneos*]" = YES;
				"INFOPLIST_KEY_UIApplicationSceneManifest_Generation[sdk=iphonesimulator*]" = YES;
				"INFOPLIST_KEY_UIApplicationSupportsIndirectInputEvents[sdk=iphoneos*]" = YES;
				"INFOPLIST_KEY_UIApplicationSupportsIndirectInputEvents[sdk=iphonesimulator*]" = YES;
				"INFOPLIST_KEY_UILaunchScreen_Generation[sdk=iphoneos*]" = YES;
				"INFOPLIST_KEY_UILaunchScreen_Generation[sdk=iphonesimulator*]" = YES;
				"INFOPLIST_KEY_UIStatusBarStyle[sdk=iphoneos*]" = UIStatusBarStyleDefault;
				"INFOPLIST_KEY_UIStatusBarStyle[sdk=iphonesimulator*]" = UIStatusBarStyleDefault;
				INFOPLIST_KEY_UISupportedInterfaceOrientations_iPad = "UIInterfaceOrientationPortrait UIInterfaceOrientationPortraitUpsideDown UIInterfaceOrientationLandscapeLeft UIInterfaceOrientationLandscapeRight";
				INFOPLIST_KEY_UISupportedInterfaceOrientations_iPhone = "UIInterfaceOrientationPortrait UIInterfaceOrientationLandscapeLeft UIInterfaceOrientationLandscapeRight";
				IPHONEOS_DEPLOYMENT_TARGET = 18.4;
				LD_RUNPATH_SEARCH_PATHS = "@executable_path/Frameworks";
				"LD_RUNPATH_SEARCH_PATHS[sdk=macosx*]" = "@executable_path/../Frameworks";
				MACOSX_DEPLOYMENT_TARGET = 15.4;
				MARKETING_VERSION = 1.0;
				PRODUCT_BUNDLE_IDENTIFIER = xkethus.PDFLibrary;
				PRODUCT_NAME = "$(TARGET_NAME)";
				REGISTER_APP_GROUPS = YES;
				SDKROOT = auto;
				SUPPORTED_PLATFORMS = "iphoneos iphonesimulator macosx xros xrsimulator";
				SWIFT_EMIT_LOC_STRINGS = YES;
				SWIFT_VERSION = 5.0;
				TARGETED_DEVICE_FAMILY = "1,2,7";
				XROS_DEPLOYMENT_TARGET = 2.4;
			};
			name = Release;
		};
		B2886B542DE02F2400667D9F /* Debug */ = {
			isa = XCBuildConfiguration;
			buildSettings = {
				BUNDLE_LOADER = "$(TEST_HOST)";
				CODE_SIGN_STYLE = Automatic;
				CURRENT_PROJECT_VERSION = 1;
				GENERATE_INFOPLIST_FILE = YES;
				IPHONEOS_DEPLOYMENT_TARGET = 18.4;
				MACOSX_DEPLOYMENT_TARGET = 15.4;
				MARKETING_VERSION = 1.0;
				PRODUCT_BUNDLE_IDENTIFIER = xkethus.PDFLibraryTests;
				PRODUCT_NAME = "$(TARGET_NAME)";
				SDKROOT = auto;
				SUPPORTED_PLATFORMS = "iphoneos iphonesimulator macosx xros xrsimulator";
				SWIFT_EMIT_LOC_STRINGS = NO;
				SWIFT_VERSION = 5.0;
				TARGETED_DEVICE_FAMILY = "1,2,7";
				TEST_HOST = "$(BUILT_PRODUCTS_DIR)/PDFLibrary.app/$(BUNDLE_EXECUTABLE_FOLDER_PATH)/PDFLibrary";
				XROS_DEPLOYMENT_TARGET = 2.4;
			};
			name = Debug;
		};
		B2886B552DE02F2400667D9F /* Release */ = {
			isa = XCBuildConfiguration;
			buildSettings = {
				BUNDLE_LOADER = "$(TEST_HOST)";
				CODE_SIGN_STYLE = Automatic;
				CURRENT_PROJECT_VERSION = 1;
				GENERATE_INFOPLIST_FILE = YES;
				IPHONEOS_DEPLOYMENT_TARGET = 18.4;
				MACOSX_DEPLOYMENT_TARGET = 15.4;
				MARKETING_VERSION = 1.0;
				PRODUCT_BUNDLE_IDENTIFIER = xkethus.PDFLibraryTests;
				PRODUCT_NAME = "$(TARGET_NAME)";
				SDKROOT = auto;
				SUPPORTED_PLATFORMS = "iphoneos iphonesimulator macosx xros xrsimulator";
				SWIFT_EMIT_LOC_STRINGS = NO;
				SWIFT_VERSION = 5.0;
				TARGETED_DEVICE_FAMILY = "1,2,7";
				TEST_HOST = "$(BUILT_PRODUCTS_DIR)/PDFLibrary.app/$(BUNDLE_EXECUTABLE_FOLDER_PATH)/PDFLibrary";
				XROS_DEPLOYMENT_TARGET = 2.4;
			};
			name = Release;
		};
		B2886B572DE02F2400667D9F /* Debug */ = {
			isa = XCBuildConfiguration;
			buildSettings = {
				CODE_SIGN_STYLE = Automatic;
				CURRENT_PROJECT_VERSION = 1;
				GENERATE_INFOPLIST_FILE = YES;
				IPHONEOS_DEPLOYMENT_TARGET = 18.4;
				MACOSX_DEPLOYMENT_TARGET = 15.4;
				MARKETING_VERSION = 1.0;
				PRODUCT_BUNDLE_IDENTIFIER = xkethus.PDFLibraryUITests;
				PRODUCT_NAME = "$(TARGET_NAME)";
				SDKROOT = auto;
				SUPPORTED_PLATFORMS = "iphoneos iphonesimulator macosx xros xrsimulator";
				SWIFT_EMIT_LOC_STRINGS = NO;
				SWIFT_VERSION = 5.0;
				TARGETED_DEVICE_FAMILY = "1,2,7";
				TEST_TARGET_NAME = PDFLibrary;
				XROS_DEPLOYMENT_TARGET = 2.4;
			};
			name = Debug;
		};
		B2886B582DE02F2400667D9F /* Release */ = {
			isa = XCBuildConfiguration;
			buildSettings = {
				CODE_SIGN_STYLE = Automatic;
				CURRENT_PROJECT_VERSION = 1;
				GENERATE_INFOPLIST_FILE = YES;
				IPHONEOS_DEPLOYMENT_TARGET = 18.4;
				MACOSX_DEPLOYMENT_TARGET = 15.4;
				MARKETING_VERSION = 1.0;
				PRODUCT_BUNDLE_IDENTIFIER = xkethus.PDFLibraryUITests;
				PRODUCT_NAME = "$(TARGET_NAME)";
				SDKROOT = auto;
				SUPPORTED_PLATFORMS = "iphoneos iphonesimulator macosx xros xrsimulator";
				SWIFT_EMIT_LOC_STRINGS = NO;
				SWIFT_VERSION = 5.0;
				TARGETED_DEVICE_FAMILY = "1,2,7";
				TEST_TARGET_NAME = PDFLibrary;
				XROS_DEPLOYMENT_TARGET = 2.4;
			};
			name = Release;
		};
/* End XCBuildConfiguration section */

/* Begin XCConfigurationList section */
		B2886B292DE02F2100667D9F /* Build configuration list for PBXProject "PDFLibrary" */ = {
			isa = XCConfigurationList;
			buildConfigurations = (
				B2886B4E2DE02F2400667D9F /* Debug */,
				B2886B4F2DE02F2400667D9F /* Release */,
			);
			defaultConfigurationIsVisible = 0;
			defaultConfigurationName = Release;
		};
		B2886B502DE02F2400667D9F /* Build configuration list for PBXNativeTarget "PDFLibrary" */ = {
			isa = XCConfigurationList;
			buildConfigurations = (
				B2886B512DE02F2400667D9F /* Debug */,
				B2886B522DE02F2400667D9F /* Release */,
			);
			defaultConfigurationIsVisible = 0;
			defaultConfigurationName = Release;
		};
		B2886B532DE02F2400667D9F /* Build configuration list for PBXNativeTarget "PDFLibraryTests" */ = {
			isa = XCConfigurationList;
			buildConfigurations = (
				B2886B542DE02F2400667D9F /* Debug */,
				B2886B552DE02F2400667D9F /* Release */,
			);
			defaultConfigurationIsVisible = 0;
			defaultConfigurationName = Release;
		};
		B2886B562DE02F2400667D9F /* Build configuration list for PBXNativeTarget "PDFLibraryUITests" */ = {
			isa = XCConfigurationList;
			buildConfigurations = (
				B2886B572DE02F2400667D9F /* Debug */,
				B2886B582DE02F2400667D9F /* Release */,
			);
			defaultConfigurationIsVisible = 0;
			defaultConfigurationName = Release;
		};
/* End XCConfigurationList section */

/* Begin XCRemoteSwiftPackageReference section */
		B2886B622DE040D700667D9F /* XCRemoteSwiftPackageReference "SQLite.swift" */ = {
			isa = XCRemoteSwiftPackageReference;
			repositoryURL = "https://github.com/stephencelis/SQLite.swift.git";
			requirement = {
				kind = upToNextMajorVersion;
				minimumVersion = 0.15.3;
			};
		};
/* End XCRemoteSwiftPackageReference section */

/* Begin XCSwiftPackageProductDependency section */
		B2886B662DE044FE00667D9F /* SQLite */ = {
			isa = XCSwiftPackageProductDependency;
			package = B2886B622DE040D700667D9F /* XCRemoteSwiftPackageReference "SQLite.swift" */;
			productName = SQLite;
		};
		B2886B692DE0452800667D9F /* SQLite */ = {
			isa = XCSwiftPackageProductDependency;
			package = B2886B622DE040D700667D9F /* XCRemoteSwiftPackageReference "SQLite.swift" */;
			productName = SQLite;
		};
/* End XCSwiftPackageProductDependency section */
	};
	rootObject = B2886B262DE02F2100667D9F /* Project object */;
}
